
Microsoft Visual Studio Solution File, Format Version 12.00
# Visual Studio 15
VisualStudioVersion = 15.0.28307.1145
MinimumVisualStudioVersion = 10.0.40219.1
Project("{FAE04EC0-301F-11D3-BF4B-00C04F79EFBC}") = "Industrial-Tools", "Industrial-Tools\Industrial-Tools.csproj", "{9287A872-71DE-4F8D-8A64-C8FCBFD193CB}"
EndProject
Global
	GlobalSection(SolutionConfigurationPlatforms) = preSolution
		Debug|Any CPU = Debug|Any CPU
		Release|Any CPU = Release|Any CPU
	EndGlobalSection
	GlobalSection(ProjectConfigurationPlatforms) = postSolution
		{9287A872-71DE-4F8D-8A64-C8FCBFD193CB}.Debug|Any CPU.ActiveCfg = Debug|Any CPU
		{9287A872-71DE-4F8D-8A64-C8FCBFD193CB}.Debug|Any CPU.Build.0 = Debug|Any CPU
		{9287A872-71DE-4F8D-8A64-C8FCBFD193CB}.Release|Any CPU.ActiveCfg = Release|Any CPU
		{9287A872-71DE-4F8D-8A64-C8FCBFD193CB}.Release|Any CPU.Build.0 = Release|Any CPU
	EndGlobalSection
	GlobalSection(SolutionProperties) = preSolution
		HideSolutionNode = FALSE
	EndGlobalSection
	GlobalSection(ExtensibilityGlobals) = postSolution
		SolutionGuid = {55A2E2C1-564F-4098-B536-0032DC2602E3}
	EndGlobalSection
EndGlobal
